// !$*UTF8*$!
{
	archiveVersion = 1;
	classes = {
	};
	objectVersion = 50;
	objects = {

/* Begin PBXBuildFile section */
		AA52D2552590D0E0006C7C9A /* ai_concierge.jpg in Resources */ = {isa = PBXBuildFile; fileRef = AA52D2542590D0E0006C7C9A /* ai_concierge.jpg */; };
		AAB4892E258EEA2C005B040E /* ReteraMaasSampleApp.swift in Sources */ = {isa = PBXBuildFile; fileRef = AAB4892D258EEA2C005B040E /* ReteraMaasSampleApp.swift */; };
		AAB48930258EEA2C005B040E /* ContentView.swift in Sources */ = {isa = PBXBuildFile; fileRef = AAB4892F258EEA2C005B040E /* ContentView.swift */; };
		AAB48932258EEA2F005B040E /* Assets.xcassets in Resources */ = {isa = PBXBuildFile; fileRef = AAB48931258EEA2F005B040E /* Assets.xcassets */; };
		AAB48935258EEA2F005B040E /* Preview Assets.xcassets in Resources */ = {isa = PBXBuildFile; fileRef = AAB48934258EEA2F005B040E /* Preview Assets.xcassets */; };
		AAF18E9A25A7449300A062A7 /* rounded-mplus-1mn-medium.ttf in Resources */ = {isa = PBXBuildFile; fileRef = AAF18E9425A7449200A062A7 /* rounded-mplus-1mn-medium.ttf */; };
		AAF18E9B25A7449300A062A7 /* rounded-mplus-1c-heavy.ttf in Resources */ = {isa = PBXBuildFile; fileRef = AAF18E9525A7449200A062A7 /* rounded-mplus-1c-heavy.ttf */; };
		AAF18E9C25A7449300A062A7 /* rounded-mplus-1mn-bold.ttf in Resources */ = {isa = PBXBuildFile; fileRef = AAF18E9625A7449200A062A7 /* rounded-mplus-1mn-bold.ttf */; };
		AAF18E9D25A7449300A062A7 /* rounded-mplus-1c-black.ttf in Resources */ = {isa = PBXBuildFile; fileRef = AAF18E9725A7449300A062A7 /* rounded-mplus-1c-black.ttf */; };
		AAF18E9E25A7449300A062A7 /* rounded-mplus-1c-bold.ttf in Resources */ = {isa = PBXBuildFile; fileRef = AAF18E9825A7449300A062A7 /* rounded-mplus-1c-bold.ttf */; };
		AAF18E9F25A7449300A062A7 /* rounded-mplus-1mn-light.ttf in Resources */ = {isa = PBXBuildFile; fileRef = AAF18E9925A7449300A062A7 /* rounded-mplus-1mn-light.ttf */; };
		AAF18EA325A74EFB00A062A7 /* SpeechRecorder.swift in Sources */ = {isa = PBXBuildFile; fileRef = AAF18EA225A74EFB00A062A7 /* SpeechRecorder.swift */; };
		AAF18EA925ABF57200A062A7 /* mike.jpg in Resources */ = {isa = PBXBuildFile; fileRef = AAF18EA825ABF57200A062A7 /* mike.jpg */; };
		AAF18EAF25AC2CF400A062A7 /* Images.xcassets in Resources */ = {isa = PBXBuildFile; fileRef = AAF18EAE25AC2CF400A062A7 /* Images.xcassets */; };
/* End PBXBuildFile section */

/* Begin PBXFileReference section */
		AA52D2542590D0E0006C7C9A /* ai_concierge.jpg */ = {isa = PBXFileReference; lastKnownFileType = image.jpeg; path = ai_concierge.jpg; sourceTree = "<group>"; };
		AAB4892A258EEA2C005B040E /* ReteraMaasSample.app */ = {isa = PBXFileReference; explicitFileType = wrapper.application; includeInIndex = 0; path = ReteraMaasSample.app; sourceTree = BUILT_PRODUCTS_DIR; };
		AAB4892D258EEA2C005B040E /* ReteraMaasSampleApp.swift */ = {isa = PBXFileReference; lastKnownFileType = sourcecode.swift; path = ReteraMaasSampleApp.swift; sourceTree = "<group>"; };
		AAB4892F258EEA2C005B040E /* ContentView.swift */ = {isa = PBXFileReference; lastKnownFileType = sourcecode.swift; lineEnding = 0; path = ContentView.swift; sourceTree = "<group>"; tabWidth = 4; usesTabs = 0; };
		AAB48931258EEA2F005B040E /* Assets.xcassets */ = {isa = PBXFileReference; lastKnownFileType = folder.assetcatalog; path = Assets.xcassets; sourceTree = "<group>"; };
		AAB48934258EEA2F005B040E /* Preview Assets.xcassets */ = {isa = PBXFileReference; lastKnownFileType = folder.assetcatalog; path = "Preview Assets.xcassets"; sourceTree = "<group>"; };
		AAB48936258EEA2F005B040E /* Info.plist */ = {isa = PBXFileReference; lastKnownFileType = text.plist.xml; path = Info.plist; sourceTree = "<group>"; };
		AAF18E9425A7449200A062A7 /* rounded-mplus-1mn-medium.ttf */ = {isa = PBXFileReference; lastKnownFileType = file; path = "rounded-mplus-1mn-medium.ttf"; sourceTree = "<group>"; };
		AAF18E9525A7449200A062A7 /* rounded-mplus-1c-heavy.ttf */ = {isa = PBXFileReference; lastKnownFileType = file; path = "rounded-mplus-1c-heavy.ttf"; sourceTree = "<group>"; };
		AAF18E9625A7449200A062A7 /* rounded-mplus-1mn-bold.ttf */ = {isa = PBXFileReference; lastKnownFileType = file; path = "rounded-mplus-1mn-bold.ttf"; sourceTree = "<group>"; };
		AAF18E9725A7449300A062A7 /* rounded-mplus-1c-black.ttf */ = {isa = PBXFileReference; lastKnownFileType = file; path = "rounded-mplus-1c-black.ttf"; sourceTree = "<group>"; };
		AAF18E9825A7449300A062A7 /* rounded-mplus-1c-bold.ttf */ = {isa = PBXFileReference; lastKnownFileType = file; path = "rounded-mplus-1c-bold.ttf"; sourceTree = "<group>"; };
		AAF18E9925A7449300A062A7 /* rounded-mplus-1mn-light.ttf */ = {isa = PBXFileReference; lastKnownFileType = file; path = "rounded-mplus-1mn-light.ttf"; sourceTree = "<group>"; };
		AAF18EA225A74EFB00A062A7 /* SpeechRecorder.swift */ = {isa = PBXFileReference; lastKnownFileType = sourcecode.swift; path = SpeechRecorder.swift; sourceTree = "<group>"; };
		AAF18EA825ABF57200A062A7 /* mike.jpg */ = {isa = PBXFileReference; lastKnownFileType = image.jpeg; path = mike.jpg; sourceTree = "<group>"; };
		AAF18EAE25AC2CF400A062A7 /* Images.xcassets */ = {isa = PBXFileReference; lastKnownFileType = folder.assetcatalog; path = Images.xcassets; sourceTree = "<group>"; };
/* End PBXFileReference section */

/* Begin PBXFrameworksBuildPhase section */
		AAB48927258EEA2C005B040E /* Frameworks */ = {
			isa = PBXFrameworksBuildPhase;
			buildActionMask = 2147483647;
			files = (
			);
			runOnlyForDeploymentPostprocessing = 0;
		};
/* End PBXFrameworksBuildPhase section */

/* Begin PBXGroup section */
		AA52D2532590CFEF006C7C9A /* images */ = {
			isa = PBXGroup;
			children = (
				AAF18EA825ABF57200A062A7 /* mike.jpg */,
				AA52D2542590D0E0006C7C9A /* ai_concierge.jpg */,
			);
			path = images;
			sourceTree = "<group>";
		};
		AAB48921258EEA2C005B040E = {
			isa = PBXGroup;
			children = (
				AAB4892C258EEA2C005B040E /* ReteraMaasSample */,
				AAB4892B258EEA2C005B040E /* Products */,
			);
			sourceTree = "<group>";
		};
		AAB4892B258EEA2C005B040E /* Products */ = {
			isa = PBXGroup;
			children = (
				AAB4892A258EEA2C005B040E /* ReteraMaasSample.app */,
			);
			name = Products;
			sourceTree = "<group>";
		};
		AAB4892C258EEA2C005B040E /* ReteraMaasSample */ = {
			isa = PBXGroup;
			children = (
				AAF18E9325A7448600A062A7 /* fonts */,
				AA52D2532590CFEF006C7C9A /* images */,
				AAB4892D258EEA2C005B040E /* ReteraMaasSampleApp.swift */,
				AAF18EA225A74EFB00A062A7 /* SpeechRecorder.swift */,
				AAB4892F258EEA2C005B040E /* ContentView.swift */,
				AAB48931258EEA2F005B040E /* Assets.xcassets */,
				AAB48936258EEA2F005B040E /* Info.plist */,
				AAB48933258EEA2F005B040E /* Preview Content */,
				AAF18EAE25AC2CF400A062A7 /* Images.xcassets */,
			);
			path = ReteraMaasSample;
			sourceTree = "<group>";
		};
		AAB48933258EEA2F005B040E /* Preview Content */ = {
			isa = PBXGroup;
			children = (
				AAB48934258EEA2F005B040E /* Preview Assets.xcassets */,
			);
			path = "Preview Content";
			sourceTree = "<group>";
		};
		AAF18E9325A7448600A062A7 /* fonts */ = {
			isa = PBXGroup;
			children = (
				AAF18E9725A7449300A062A7 /* rounded-mplus-1c-black.ttf */,
				AAF18E9825A7449300A062A7 /* rounded-mplus-1c-bold.ttf */,
				AAF18E9525A7449200A062A7 /* rounded-mplus-1c-heavy.ttf */,
				AAF18E9625A7449200A062A7 /* rounded-mplus-1mn-bold.ttf */,
				AAF18E9925A7449300A062A7 /* rounded-mplus-1mn-light.ttf */,
				AAF18E9425A7449200A062A7 /* rounded-mplus-1mn-medium.ttf */,
			);
			path = fonts;
			sourceTree = "<group>";
		};
/* End PBXGroup section */

/* Begin PBXNativeTarget section */
		AAB48929258EEA2C005B040E /* ReteraMaasSample */ = {
			isa = PBXNativeTarget;
			buildConfigurationList = AAB48939258EEA2F005B040E /* Build configuration list for PBXNativeTarget "ReteraMaasSample" */;
			buildPhases = (
				AAB48926258EEA2C005B040E /* Sources */,
				AAB48927258EEA2C005B040E /* Frameworks */,
				AAB48928258EEA2C005B040E /* Resources */,
			);
			buildRules = (
			);
			dependencies = (
			);
			name = ReteraMaasSample;
			productName = ReteraMaasSample;
			productReference = AAB4892A258EEA2C005B040E /* ReteraMaasSample.app */;
			productType = "com.apple.product-type.application";
		};
/* End PBXNativeTarget section */

/* Begin PBXProject section */
		AAB48922258EEA2C005B040E /* Project object */ = {
			isa = PBXProject;
			attributes = {
				LastSwiftUpdateCheck = 1230;
				LastUpgradeCheck = 1230;
				TargetAttributes = {
					AAB48929258EEA2C005B040E = {
						CreatedOnToolsVersion = 12.3;
					};
				};
			};
			buildConfigurationList = AAB48925258EEA2C005B040E /* Build configuration list for PBXProject "ReteraMaasSample" */;
			compatibilityVersion = "Xcode 9.3";
			developmentRegion = en;
			hasScannedForEncodings = 0;
			knownRegions = (
				en,
				Base,
			);
			mainGroup = AAB48921258EEA2C005B040E;
			productRefGroup = AAB4892B258EEA2C005B040E /* Products */;
			projectDirPath = "";
			projectRoot = "";
			targets = (
				AAB48929258EEA2C005B040E /* ReteraMaasSample */,
			);
		};
/* End PBXProject section */

/* Begin PBXResourcesBuildPhase section */
		AAB48928258EEA2C005B040E /* Resources */ = {
			isa = PBXResourcesBuildPhase;
			buildActionMask = 2147483647;
			files = (
				AAF18E9F25A7449300A062A7 /* rounded-mplus-1mn-light.ttf in Resources */,
				AAF18EA925ABF57200A062A7 /* mike.jpg in Resources */,
				AAF18E9D25A7449300A062A7 /* rounded-mplus-1c-black.ttf in Resources */,
				AAF18E9B25A7449300A062A7 /* rounded-mplus-1c-heavy.ttf in Resources */,
				AAF18EAF25AC2CF400A062A7 /* Images.xcassets in Resources */,
				AAF18E9C25A7449300A062A7 /* rounded-mplus-1mn-bold.ttf in Resources */,
				AAF18E9A25A7449300A062A7 /* rounded-mplus-1mn-medium.ttf in Resources */,
				AAB48935258EEA2F005B040E /* Preview Assets.xcassets in Resources */,
				AA52D2552590D0E0006C7C9A /* ai_concierge.jpg in Resources */,
				AAB48932258EEA2F005B040E /* Assets.xcassets in Resources */,
				AAF18E9E25A7449300A062A7 /* rounded-mplus-1c-bold.ttf in Resources */,
			);
			runOnlyForDeploymentPostprocessing = 0;
		};
/* End PBXResourcesBuildPhase section */

/* Begin PBXSourcesBuildPhase section */
		AAB48926258EEA2C005B040E /* Sources */ = {
			isa = PBXSourcesBuildPhase;
			buildActionMask = 2147483647;
			files = (
				AAB48930258EEA2C005B040E /* ContentView.swift in Sources */,
				AAF18EA325A74EFB00A062A7 /* SpeechRecorder.swift in Sources */,
				AAB4892E258EEA2C005B040E /* ReteraMaasSampleApp.swift in Sources */,
			);
			runOnlyForDeploymentPostprocessing = 0;
		};
/* End PBXSourcesBuildPhase section */

/* Begin XCBuildConfiguration section */
		AAB48937258EEA2F005B040E /* Debug */ = {
			isa = XCBuildConfiguration;
			buildSettings = {
				ALWAYS_SEARCH_USER_PATHS = NO;
				CLANG_ANALYZER_NONNULL = YES;
				CLANG_ANALYZER_NUMBER_OBJECT_CONVERSION = YES_AGGRESSIVE;
				CLANG_CXX_LANGUAGE_STANDARD = "gnu++14";
				CLANG_CXX_LIBRARY = "libc++";
				CLANG_ENABLE_MODULES = YES;
				CLANG_ENABLE_OBJC_ARC = YES;
				CLANG_ENABLE_OBJC_WEAK = YES;
				CLANG_WARN_BLOCK_CAPTURE_AUTORELEASING = YES;
				CLANG_WARN_BOOL_CONVERSION = YES;
				CLANG_WARN_COMMA = YES;
				CLANG_WARN_CONSTANT_CONVERSION = YES;
				CLANG_WARN_DEPRECATED_OBJC_IMPLEMENTATIONS = YES;
				CLANG_WARN_DIRECT_OBJC_ISA_USAGE = YES_ERROR;
				CLANG_WARN_DOCUMENTATION_COMMENTS = YES;
				CLANG_WARN_EMPTY_BODY = YES;
				CLANG_WARN_ENUM_CONVERSION = YES;
				CLANG_WARN_INFINITE_RECURSION = YES;
				CLANG_WARN_INT_CONVERSION = YES;
				CLANG_WARN_NON_LITERAL_NULL_CONVERSION = YES;
				CLANG_WARN_OBJC_IMPLICIT_RETAIN_SELF = YES;
				CLANG_WARN_OBJC_LITERAL_CONVERSION = YES;
				CLANG_WARN_OBJC_ROOT_CLASS = YES_ERROR;
				CLANG_WARN_QUOTED_INCLUDE_IN_FRAMEWORK_HEADER = YES;
				CLANG_WARN_RANGE_LOOP_ANALYSIS = YES;
				CLANG_WARN_STRICT_PROTOTYPES = YES;
				CLANG_WARN_SUSPICIOUS_MOVE = YES;
				CLANG_WARN_UNGUARDED_AVAILABILITY = YES_AGGRESSIVE;
				CLANG_WARN_UNREACHABLE_CODE = YES;
				CLANG_WARN__DUPLICATE_METHOD_MATCH = YES;
				COPY_PHASE_STRIP = NO;
				DEBUG_INFORMATION_FORMAT = dwarf;
				ENABLE_STRICT_OBJC_MSGSEND = YES;
				ENABLE_TESTABILITY = YES;
				GCC_C_LANGUAGE_STANDARD = gnu11;
				GCC_DYNAMIC_NO_PIC = NO;
				GCC_NO_COMMON_BLOCKS = YES;
				GCC_OPTIMIZATION_LEVEL = 0;
				GCC_PREPROCESSOR_DEFINITIONS = (
					"DEBUG=1",
					"$(inherited)",
				);
				GCC_WARN_64_TO_32_BIT_CONVERSION = YES;
				GCC_WARN_ABOUT_RETURN_TYPE = YES_ERROR;
				GCC_WARN_UNDECLARED_SELECTOR = YES;
				GCC_WARN_UNINITIALIZED_AUTOS = YES_AGGRESSIVE;
				GCC_WARN_UNUSED_FUNCTION = YES;
				GCC_WARN_UNUSED_VARIABLE = YES;
				IPHONEOS_DEPLOYMENT_TARGET = 14.3;
				MTL_ENABLE_DEBUG_INFO = INCLUDE_SOURCE;
				MTL_FAST_MATH = YES;
				ONLY_ACTIVE_ARCH = YES;
				SDKROOT = iphoneos;
				SWIFT_ACTIVE_COMPILATION_CONDITIONS = DEBUG;
				SWIFT_OPTIMIZATION_LEVEL = "-Onone";
			};
			name = Debug;
		};
		AAB48938258EEA2F005B040E /* Release */ = {
			isa = XCBuildConfiguration;
			buildSettings = {
				ALWAYS_SEARCH_USER_PATHS = NO;
				CLANG_ANALYZER_NONNULL = YES;
				CLANG_ANALYZER_NUMBER_OBJECT_CONVERSION = YES_AGGRESSIVE;
				CLANG_CXX_LANGUAGE_STANDARD = "gnu++14";
				CLANG_CXX_LIBRARY = "libc++";
				CLANG_ENABLE_MODULES = YES;
				CLANG_ENABLE_OBJC_ARC = YES;
				CLANG_ENABLE_OBJC_WEAK = YES;
				CLANG_WARN_BLOCK_CAPTURE_AUTORELEASING = YES;
				CLANG_WARN_BOOL_CONVERSION = YES;
				CLANG_WARN_COMMA = YES;
				CLANG_WARN_CONSTANT_CONVERSION = YES;
				CLANG_WARN_DEPRECATED_OBJC_IMPLEMENTATIONS = YES;
				CLANG_WARN_DIRECT_OBJC_ISA_USAGE = YES_ERROR;
				CLANG_WARN_DOCUMENTATION_COMMENTS = YES;
				CLANG_WARN_EMPTY_BODY = YES;
				CLANG_WARN_ENUM_CONVERSION = YES;
				CLANG_WARN_INFINITE_RECURSION = YES;
				CLANG_WARN_INT_CONVERSION = YES;
				CLANG_WARN_NON_LITERAL_NULL_CONVERSION = YES;
				CLANG_WARN_OBJC_IMPLICIT_RETAIN_SELF = YES;
				CLANG_WARN_OBJC_LITERAL_CONVERSION = YES;
				CLANG_WARN_OBJC_ROOT_CLASS = YES_ERROR;
				CLANG_WARN_QUOTED_INCLUDE_IN_FRAMEWORK_HEADER = YES;
				CLANG_WARN_RANGE_LOOP_ANALYSIS = YES;
				CLANG_WARN_STRICT_PROTOTYPES = YES;
				CLANG_WARN_SUSPICIOUS_MOVE = YES;
				CLANG_WARN_UNGUARDED_AVAILABILITY = YES_AGGRESSIVE;
				CLANG_WARN_UNREACHABLE_CODE = YES;
				CLANG_WARN__DUPLICATE_METHOD_MATCH = YES;
				COPY_PHASE_STRIP = NO;
				DEBUG_INFORMATION_FORMAT = "dwarf-with-dsym";
				ENABLE_NS_ASSERTIONS = NO;
				ENABLE_STRICT_OBJC_MSGSEND = YES;
				GCC_C_LANGUAGE_STANDARD = gnu11;
				GCC_NO_COMMON_BLOCKS = YES;
				GCC_WARN_64_TO_32_BIT_CONVERSION = YES;
				GCC_WARN_ABOUT_RETURN_TYPE = YES_ERROR;
				GCC_WARN_UNDECLARED_SELECTOR = YES;
				GCC_WARN_UNINITIALIZED_AUTOS = YES_AGGRESSIVE;
				GCC_WARN_UNUSED_FUNCTION = YES;
				GCC_WARN_UNUSED_VARIABLE = YES;
				IPHONEOS_DEPLOYMENT_TARGET = 14.3;
				MTL_ENABLE_DEBUG_INFO = NO;
				MTL_FAST_MATH = YES;
				SDKROOT = iphoneos;
				SWIFT_COMPILATION_MODE = wholemodule;
				SWIFT_OPTIMIZATION_LEVEL = "-O";
				VALIDATE_PRODUCT = YES;
			};
			name = Release;
		};
		AAB4893A258EEA2F005B040E /* Debug */ = {
			isa = XCBuildConfiguration;
			buildSettings = {
				ASSETCATALOG_COMPILER_APPICON_NAME = AppIcon;
				ASSETCATALOG_COMPILER_GLOBAL_ACCENT_COLOR_NAME = AccentColor;
				CODE_SIGN_STYLE = Automatic;
				DEVELOPMENT_ASSET_PATHS = "\"ReteraMaasSample/Preview Content\"";
				DEVELOPMENT_TEAM = KV7RKMUW4A;
				ENABLE_PREVIEWS = YES;
				INFOPLIST_FILE = ReteraMaasSample/Info.plist;
				IPHONEOS_DEPLOYMENT_TARGET = 14.2;
				LD_RUNPATH_SEARCH_PATHS = (
					"$(inherited)",
					"@executable_path/Frameworks",
				);
				PRODUCT_BUNDLE_IDENTIFIER = realbind.ReteraMaasSample;
				PRODUCT_NAME = "$(TARGET_NAME)";
				SWIFT_VERSION = 5.0;
				TARGETED_DEVICE_FAMILY = "1,2";
			};
			name = Debug;
		};
		AAB4893B258EEA2F005B040E /* Release */ = {
			isa = XCBuildConfiguration;
			buildSettings = {
				ASSETCATALOG_COMPILER_APPICON_NAME = AppIcon;
				ASSETCATALOG_COMPILER_GLOBAL_ACCENT_COLOR_NAME = AccentColor;
				CODE_SIGN_STYLE = Automatic;
				DEVELOPMENT_ASSET_PATHS = "\"ReteraMaasSample/Preview Content\"";
				DEVELOPMENT_TEAM = KV7RKMUW4A;
				ENABLE_PREVIEWS = YES;
				INFOPLIST_FILE = ReteraMaasSample/Info.plist;
				IPHONEOS_DEPLOYMENT_TARGET = 14.2;
				LD_RUNPATH_SEARCH_PATHS = (
					"$(inherited)",
					"@executable_path/Frameworks",
				);
				PRODUCT_BUNDLE_IDENTIFIER = realbind.ReteraMaasSample;
				PRODUCT_NAME = "$(TARGET_NAME)";
				SWIFT_VERSION = 5.0;
				TARGETED_DEVICE_FAMILY = "1,2";
			};
			name = Release;
		};
/* End XCBuildConfiguration section */

/* Begin XCConfigurationList section */
		AAB48925258EEA2C005B040E /* Build configuration list for PBXProject "ReteraMaasSample" */ = {
			isa = XCConfigurationList;
			buildConfigurations = (
				AAB48937258EEA2F005B040E /* Debug */,
				AAB48938258EEA2F005B040E /* Release */,
			);
			defaultConfigurationIsVisible = 0;
			defaultConfigurationName = Release;
		};
		AAB48939258EEA2F005B040E /* Build configuration list for PBXNativeTarget "ReteraMaasSample" */ = {
			isa = XCConfigurationList;
			buildConfigurations = (
				AAB4893A258EEA2F005B040E /* Debug */,
				AAB4893B258EEA2F005B040E /* Release */,
			);
			defaultConfigurationIsVisible = 0;
			defaultConfigurationName = Release;
		};
/* End XCConfigurationList section */
	};
	rootObject = AAB48922258EEA2C005B040E /* Project object */;
}
